
Microsoft Visual Studio Solution File, Format Version 12.00
# Visual Studio 2012
Project("{FAE04EC0-301F-11D3-BF4B-00C04F79EFBC}") = "Generator", "Generator\Generator.csproj", "{BC8F83D4-45EF-4B09-8303-A7D8F9473563}"
EndProject
Project("{FAE04EC0-301F-11D3-BF4B-00C04F79EFBC}") = "ColorReplacement", "ColorReplacement\ColorReplacement.csproj", "{9C0DF204-4964-42FD-9A49-24B571791228}"
EndProject
Global
	GlobalSection(SolutionConfigurationPlatforms) = preSolution
		Debug|Any CPU = Debug|Any CPU
		Release|Any CPU = Release|Any CPU
	EndGlobalSection
	GlobalSection(ProjectConfigurationPlatforms) = postSolution
		{BC8F83D4-45EF-4B09-8303-A7D8F9473563}.Debug|Any CPU.ActiveCfg = Debug|Any CPU
		{BC8F83D4-45EF-4B09-8303-A7D8F9473563}.Debug|Any CPU.Build.0 = Debug|Any CPU
		{BC8F83D4-45EF-4B09-8303-A7D8F9473563}.Release|Any CPU.ActiveCfg = Release|Any CPU
		{BC8F83D4-45EF-4B09-8303-A7D8F9473563}.Release|Any CPU.Build.0 = Release|Any CPU
		{9C0DF204-4964-42FD-9A49-24B571791228}.Debug|Any CPU.ActiveCfg = Debug|Any CPU
		{9C0DF204-4964-42FD-9A49-24B571791228}.Debug|Any CPU.Build.0 = Debug|Any CPU
		{9C0DF204-4964-42FD-9A49-24B571791228}.Release|Any CPU.ActiveCfg = Release|Any CPU
		{9C0DF204-4964-42FD-9A49-24B571791228}.Release|Any CPU.Build.0 = Release|Any CPU
	EndGlobalSection
	GlobalSection(SolutionProperties) = preSolution
		HideSolutionNode = FALSE
	EndGlobalSection
EndGlobal
