
Microsoft Visual Studio Solution File, Format Version 12.00
# Visual Studio Version 17
VisualStudioVersion = 17.4.33110.190
MinimumVisualStudioVersion = 10.0.40219.1
Project("{FAE04EC0-301F-11D3-BF4B-00C04F79EFBC}") = "FastCGI.DynamicHttpServer.Console", "FastCGI.DynamicHttpServer\FastCGI.DynamicHttpServer.Console.csproj", "{17AA80C6-649E-469A-8007-E1D49A00924F}"
EndProject
Project("{FAE04EC0-301F-11D3-BF4B-00C04F79EFBC}") = "FastCGI.DynamicHttpServer.Core", "FastCGI.DynamicHttpServer.Core\FastCGI.DynamicHttpServer.Core.csproj", "{E87BB656-9F15-4A3F-9735-3E49C3AB4C5D}"
EndProject
Global
	GlobalSection(SolutionConfigurationPlatforms) = preSolution
		Debug|Any CPU = Debug|Any CPU
		Release|Any CPU = Release|Any CPU
	EndGlobalSection
	GlobalSection(ProjectConfigurationPlatforms) = postSolution
		{17AA80C6-649E-469A-8007-E1D49A00924F}.Debug|Any CPU.ActiveCfg = Debug|Any CPU
		{17AA80C6-649E-469A-8007-E1D49A00924F}.Debug|Any CPU.Build.0 = Debug|Any CPU
		{17AA80C6-649E-469A-8007-E1D49A00924F}.Release|Any CPU.ActiveCfg = Release|Any CPU
		{17AA80C6-649E-469A-8007-E1D49A00924F}.Release|Any CPU.Build.0 = Release|Any CPU
		{E87BB656-9F15-4A3F-9735-3E49C3AB4C5D}.Debug|Any CPU.ActiveCfg = Debug|Any CPU
		{E87BB656-9F15-4A3F-9735-3E49C3AB4C5D}.Debug|Any CPU.Build.0 = Debug|Any CPU
		{E87BB656-9F15-4A3F-9735-3E49C3AB4C5D}.Release|Any CPU.ActiveCfg = Release|Any CPU
		{E87BB656-9F15-4A3F-9735-3E49C3AB4C5D}.Release|Any CPU.Build.0 = Release|Any CPU
	EndGlobalSection
	GlobalSection(SolutionProperties) = preSolution
		HideSolutionNode = FALSE
	EndGlobalSection
	GlobalSection(ExtensibilityGlobals) = postSolution
		SolutionGuid = {7B61A2F0-5F91-4829-9753-79D29B882BDD}
	EndGlobalSection
EndGlobal
