
Microsoft Visual Studio Solution File, Format Version 12.00
# Visual Studio Version 17
VisualStudioVersion = 17.4.33110.190
MinimumVisualStudioVersion = 10.0.40219.1
Project("{9A19103F-16F7-4668-BE54-9A1E7A4F7556}") = "Gryphon.HttpServer.Test", "Gryphon.HttpServer.Test\Gryphon.HttpServer.Test.csproj", "{13226800-F147-4CFC-98C2-ADBF712247F9}"
EndProject
Project("{9A19103F-16F7-4668-BE54-9A1E7A4F7556}") = "Gryphon.HttpServer.Core", "Gryphon.HttpServer.Core\Gryphon.HttpServer.Core.csproj", "{5555EEEB-AE37-4A33-A551-5FD47B1A96A4}"
EndProject
Project("{FAE04EC0-301F-11D3-BF4B-00C04F79EFBC}") = "Gryphon.HttpServer.Console", "Gryphon.HttpServer.Console\Gryphon.HttpServer.Console.csproj", "{2CD5B352-7036-465B-B66F-EB92DA196031}"
EndProject
Global
	GlobalSection(SolutionConfigurationPlatforms) = preSolution
		Debug|Any CPU = Debug|Any CPU
		Release|Any CPU = Release|Any CPU
	EndGlobalSection
	GlobalSection(ProjectConfigurationPlatforms) = postSolution
		{13226800-F147-4CFC-98C2-ADBF712247F9}.Debug|Any CPU.ActiveCfg = Debug|Any CPU
		{13226800-F147-4CFC-98C2-ADBF712247F9}.Debug|Any CPU.Build.0 = Debug|Any CPU
		{13226800-F147-4CFC-98C2-ADBF712247F9}.Release|Any CPU.ActiveCfg = Release|Any CPU
		{13226800-F147-4CFC-98C2-ADBF712247F9}.Release|Any CPU.Build.0 = Release|Any CPU
		{5555EEEB-AE37-4A33-A551-5FD47B1A96A4}.Debug|Any CPU.ActiveCfg = Debug|Any CPU
		{5555EEEB-AE37-4A33-A551-5FD47B1A96A4}.Debug|Any CPU.Build.0 = Debug|Any CPU
		{5555EEEB-AE37-4A33-A551-5FD47B1A96A4}.Release|Any CPU.ActiveCfg = Release|Any CPU
		{5555EEEB-AE37-4A33-A551-5FD47B1A96A4}.Release|Any CPU.Build.0 = Release|Any CPU
		{2CD5B352-7036-465B-B66F-EB92DA196031}.Debug|Any CPU.ActiveCfg = Debug|Any CPU
		{2CD5B352-7036-465B-B66F-EB92DA196031}.Debug|Any CPU.Build.0 = Debug|Any CPU
		{2CD5B352-7036-465B-B66F-EB92DA196031}.Release|Any CPU.ActiveCfg = Release|Any CPU
		{2CD5B352-7036-465B-B66F-EB92DA196031}.Release|Any CPU.Build.0 = Release|Any CPU
	EndGlobalSection
	GlobalSection(SolutionProperties) = preSolution
		HideSolutionNode = FALSE
	EndGlobalSection
	GlobalSection(ExtensibilityGlobals) = postSolution
		SolutionGuid = {F2FE80CA-CF27-4BB9-BA8D-16007F0CBBAF}
	EndGlobalSection
EndGlobal
